
Microsoft Visual Studio Solution File, Format Version 12.00
# Visual Studio Version 17
VisualStudioVersion = 17.4.33122.133
MinimumVisualStudioVersion = 10.0.40219.1
Project("{FAE04EC0-301F-11D3-BF4B-00C04F79EFBC}") = "Hotel_Reservation", "Hotel_Reservation.csproj", "{31300AE6-BE51-4E4E-925D-E18D620BCB67}"
EndProject
Global
	GlobalSection(SolutionConfigurationPlatforms) = preSolution
		Debug|Any CPU = Debug|Any CPU
		Release|Any CPU = Release|Any CPU
	EndGlobalSection
	GlobalSection(ProjectConfigurationPlatforms) = postSolution
		{31300AE6-BE51-4E4E-925D-E18D620BCB67}.Debug|Any CPU.ActiveCfg = Debug|Any CPU
		{31300AE6-BE51-4E4E-925D-E18D620BCB67}.Debug|Any CPU.Build.0 = Debug|Any CPU
		{31300AE6-BE51-4E4E-925D-E18D620BCB67}.Release|Any CPU.ActiveCfg = Release|Any CPU
		{31300AE6-BE51-4E4E-925D-E18D620BCB67}.Release|Any CPU.Build.0 = Release|Any CPU
	EndGlobalSection
	GlobalSection(SolutionProperties) = preSolution
		HideSolutionNode = FALSE
	EndGlobalSection
	GlobalSection(ExtensibilityGlobals) = postSolution
		SolutionGuid = {2307151B-6B94-4842-8800-1957B177C5A6}
	EndGlobalSection
EndGlobal
